
Microsoft Visual Studio Solution File, Format Version 12.00
# Visual Studio 14
VisualStudioVersion = 14.0.25420.1
MinimumVisualStudioVersion = 10.0.40219.1
Project("{FAE04EC0-301F-11D3-BF4B-00C04F79EFBC}") = "Nintek.NeuralNetworks.Core", "Nintek.NeuralNetworks.Core\Nintek.NeuralNetworks.Core.csproj", "{ADAF0510-F3F4-44D9-B330-82791A89ECEB}"
EndProject
Project("{FAE04EC0-301F-11D3-BF4B-00C04F79EFBC}") = "Nintek.NeuralNetworks.Samples", "Nintek.NeuralNetworks.Samples\Nintek.NeuralNetworks.Samples.csproj", "{20F184AC-1E76-4E82-9CAD-78E90767B3DE}"
EndProject
Project("{FAE04EC0-301F-11D3-BF4B-00C04F79EFBC}") = "Nintek.NeuralNetworks.Samples.Wpf.CopyImage", "Nintek.NeuralNetworks.Samples.Wpf.CopyImage\Nintek.NeuralNetworks.Samples.Wpf.CopyImage.csproj", "{233CF7DC-D23F-405B-9C9E-F8B10F0AB6F4}"
EndProject
Project("{FAE04EC0-301F-11D3-BF4B-00C04F79EFBC}") = "Nintek.NeuralNetworks.Tests.Performance", "Nintek.NeuralNetworks.Tests.Performance\Nintek.NeuralNetworks.Tests.Performance.csproj", "{8355EBAD-920D-46A6-B318-0BC08EF1996C}"
EndProject
Global
	GlobalSection(SolutionConfigurationPlatforms) = preSolution
		Debug|Any CPU = Debug|Any CPU
		Release|Any CPU = Release|Any CPU
	EndGlobalSection
	GlobalSection(ProjectConfigurationPlatforms) = postSolution
		{ADAF0510-F3F4-44D9-B330-82791A89ECEB}.Debug|Any CPU.ActiveCfg = Debug|Any CPU
		{ADAF0510-F3F4-44D9-B330-82791A89ECEB}.Debug|Any CPU.Build.0 = Debug|Any CPU
		{ADAF0510-F3F4-44D9-B330-82791A89ECEB}.Release|Any CPU.ActiveCfg = Release|Any CPU
		{ADAF0510-F3F4-44D9-B330-82791A89ECEB}.Release|Any CPU.Build.0 = Release|Any CPU
		{20F184AC-1E76-4E82-9CAD-78E90767B3DE}.Debug|Any CPU.ActiveCfg = Debug|Any CPU
		{20F184AC-1E76-4E82-9CAD-78E90767B3DE}.Debug|Any CPU.Build.0 = Debug|Any CPU
		{20F184AC-1E76-4E82-9CAD-78E90767B3DE}.Release|Any CPU.ActiveCfg = Release|Any CPU
		{20F184AC-1E76-4E82-9CAD-78E90767B3DE}.Release|Any CPU.Build.0 = Release|Any CPU
		{233CF7DC-D23F-405B-9C9E-F8B10F0AB6F4}.Debug|Any CPU.ActiveCfg = Debug|Any CPU
		{233CF7DC-D23F-405B-9C9E-F8B10F0AB6F4}.Debug|Any CPU.Build.0 = Debug|Any CPU
		{233CF7DC-D23F-405B-9C9E-F8B10F0AB6F4}.Release|Any CPU.ActiveCfg = Release|Any CPU
		{233CF7DC-D23F-405B-9C9E-F8B10F0AB6F4}.Release|Any CPU.Build.0 = Release|Any CPU
		{8355EBAD-920D-46A6-B318-0BC08EF1996C}.Debug|Any CPU.ActiveCfg = Debug|Any CPU
		{8355EBAD-920D-46A6-B318-0BC08EF1996C}.Debug|Any CPU.Build.0 = Debug|Any CPU
		{8355EBAD-920D-46A6-B318-0BC08EF1996C}.Release|Any CPU.ActiveCfg = Release|Any CPU
		{8355EBAD-920D-46A6-B318-0BC08EF1996C}.Release|Any CPU.Build.0 = Release|Any CPU
	EndGlobalSection
	GlobalSection(SolutionProperties) = preSolution
		HideSolutionNode = FALSE
	EndGlobalSection
EndGlobal
